// !$*UTF8*$!
{
	archiveVersion = 1;
	classes = {
	};
	objectVersion = 56;
	objects = {

/* Begin PBXBuildFile section */
		2D2FCA3928FF232A008B4923 /* AppDelegate.swift in Sources */ = {isa = PBXBuildFile; fileRef = 2D2FCA3828FF232A008B4923 /* AppDelegate.swift */; };
		2D2FCA3B28FF232A008B4923 /* SceneDelegate.swift in Sources */ = {isa = PBXBuildFile; fileRef = 2D2FCA3A28FF232A008B4923 /* SceneDelegate.swift */; };
		2D2FCA4228FF232B008B4923 /* Assets.xcassets in Resources */ = {isa = PBXBuildFile; fileRef = 2D2FCA4128FF232B008B4923 /* Assets.xcassets */; };
		2D2FCA4528FF232B008B4923 /* LaunchScreen.storyboard in Resources */ = {isa = PBXBuildFile; fileRef = 2D2FCA4328FF232B008B4923 /* LaunchScreen.storyboard */; };
		2D2FCA5028FF232B008B4923 /* TestTaskTests.swift in Sources */ = {isa = PBXBuildFile; fileRef = 2D2FCA4F28FF232B008B4923 /* TestTaskTests.swift */; };
		2D2FCA5A28FF232B008B4923 /* TestTaskUITests.swift in Sources */ = {isa = PBXBuildFile; fileRef = 2D2FCA5928FF232B008B4923 /* TestTaskUITests.swift */; };
		2D2FCA5C28FF232B008B4923 /* TestTaskUITestsLaunchTests.swift in Sources */ = {isa = PBXBuildFile; fileRef = 2D2FCA5B28FF232B008B4923 /* TestTaskUITestsLaunchTests.swift */; };
		2D2FCA6D28FF25D0008B4923 /* NetworkClient.swift in Sources */ = {isa = PBXBuildFile; fileRef = 2D2FCA6C28FF25D0008B4923 /* NetworkClient.swift */; };
		2D2FCA6F28FF25E7008B4923 /* NetworkProtocol.swift in Sources */ = {isa = PBXBuildFile; fileRef = 2D2FCA6E28FF25E7008B4923 /* NetworkProtocol.swift */; };
		2DA3B7DB28FF26A200E23AD5 /* Constants.swift in Sources */ = {isa = PBXBuildFile; fileRef = 2DA3B7DA28FF26A200E23AD5 /* Constants.swift */; };
		2DA3B7DD28FF26F000E23AD5 /* Models.swift in Sources */ = {isa = PBXBuildFile; fileRef = 2DA3B7DC28FF26F000E23AD5 /* Models.swift */; };
		2DA3B7E128FF28B000E23AD5 /* MainTableViewCell.swift in Sources */ = {isa = PBXBuildFile; fileRef = 2DA3B7E028FF28B000E23AD5 /* MainTableViewCell.swift */; };
		2DA3B7E328FF292F00E23AD5 /* MainTableViewCellViewModel.swift in Sources */ = {isa = PBXBuildFile; fileRef = 2DA3B7E228FF292F00E23AD5 /* MainTableViewCellViewModel.swift */; };
		2DA3B7E628FF2ED500E23AD5 /* MainView.swift in Sources */ = {isa = PBXBuildFile; fileRef = 2DA3B7E528FF2ED500E23AD5 /* MainView.swift */; };
		2DA3B7E828FF2EE400E23AD5 /* MainViewModel.swift in Sources */ = {isa = PBXBuildFile; fileRef = 2DA3B7E728FF2EE400E23AD5 /* MainViewModel.swift */; };
		2DFC4EB029019AEE00B62424 /* NetworkMonitor.swift in Sources */ = {isa = PBXBuildFile; fileRef = 2DFC4EAF29019AEE00B62424 /* NetworkMonitor.swift */; };
		2DFC4EB32901A56200B62424 /* HTTPStatus.swift in Sources */ = {isa = PBXBuildFile; fileRef = 2DFC4EB22901A56200B62424 /* HTTPStatus.swift */; };
		2DFC4EF72902E60700B62424 /* MainViewController.swift in Sources */ = {isa = PBXBuildFile; fileRef = 2DFC4EF62902E60700B62424 /* MainViewController.swift */; };
/* End PBXBuildFile section */

/* Begin PBXContainerItemProxy section */
		2D2FCA4C28FF232B008B4923 /* PBXContainerItemProxy */ = {
			isa = PBXContainerItemProxy;
			containerPortal = 2D2FCA2D28FF232A008B4923 /* Project object */;
			proxyType = 1;
			remoteGlobalIDString = 2D2FCA3428FF232A008B4923;
			remoteInfo = TestTask;
		};
		2D2FCA5628FF232B008B4923 /* PBXContainerItemProxy */ = {
			isa = PBXContainerItemProxy;
			containerPortal = 2D2FCA2D28FF232A008B4923 /* Project object */;
			proxyType = 1;
			remoteGlobalIDString = 2D2FCA3428FF232A008B4923;
			remoteInfo = TestTask;
		};
/* End PBXContainerItemProxy section */

/* Begin PBXFileReference section */
		2D2FCA3528FF232A008B4923 /* TestTask.app */ = {isa = PBXFileReference; explicitFileType = wrapper.application; includeInIndex = 0; path = TestTask.app; sourceTree = BUILT_PRODUCTS_DIR; };
		2D2FCA3828FF232A008B4923 /* AppDelegate.swift */ = {isa = PBXFileReference; lastKnownFileType = sourcecode.swift; path = AppDelegate.swift; sourceTree = "<group>"; };
		2D2FCA3A28FF232A008B4923 /* SceneDelegate.swift */ = {isa = PBXFileReference; lastKnownFileType = sourcecode.swift; path = SceneDelegate.swift; sourceTree = "<group>"; };
		2D2FCA4128FF232B008B4923 /* Assets.xcassets */ = {isa = PBXFileReference; lastKnownFileType = folder.assetcatalog; path = Assets.xcassets; sourceTree = "<group>"; };
		2D2FCA4428FF232B008B4923 /* Base */ = {isa = PBXFileReference; lastKnownFileType = file.storyboard; name = Base; path = Base.lproj/LaunchScreen.storyboard; sourceTree = "<group>"; };
		2D2FCA4628FF232B008B4923 /* Info.plist */ = {isa = PBXFileReference; lastKnownFileType = text.plist.xml; path = Info.plist; sourceTree = "<group>"; };
		2D2FCA4B28FF232B008B4923 /* TestTaskTests.xctest */ = {isa = PBXFileReference; explicitFileType = wrapper.cfbundle; includeInIndex = 0; path = TestTaskTests.xctest; sourceTree = BUILT_PRODUCTS_DIR; };
		2D2FCA4F28FF232B008B4923 /* TestTaskTests.swift */ = {isa = PBXFileReference; lastKnownFileType = sourcecode.swift; path = TestTaskTests.swift; sourceTree = "<group>"; };
		2D2FCA5528FF232B008B4923 /* TestTaskUITests.xctest */ = {isa = PBXFileReference; explicitFileType = wrapper.cfbundle; includeInIndex = 0; path = TestTaskUITests.xctest; sourceTree = BUILT_PRODUCTS_DIR; };
		2D2FCA5928FF232B008B4923 /* TestTaskUITests.swift */ = {isa = PBXFileReference; lastKnownFileType = sourcecode.swift; path = TestTaskUITests.swift; sourceTree = "<group>"; };
		2D2FCA5B28FF232B008B4923 /* TestTaskUITestsLaunchTests.swift */ = {isa = PBXFileReference; lastKnownFileType = sourcecode.swift; path = TestTaskUITestsLaunchTests.swift; sourceTree = "<group>"; };
		2D2FCA6C28FF25D0008B4923 /* NetworkClient.swift */ = {isa = PBXFileReference; lastKnownFileType = sourcecode.swift; path = NetworkClient.swift; sourceTree = "<group>"; };
		2D2FCA6E28FF25E7008B4923 /* NetworkProtocol.swift */ = {isa = PBXFileReference; lastKnownFileType = sourcecode.swift; path = NetworkProtocol.swift; sourceTree = "<group>"; };
		2DA3B7DA28FF26A200E23AD5 /* Constants.swift */ = {isa = PBXFileReference; lastKnownFileType = sourcecode.swift; path = Constants.swift; sourceTree = "<group>"; };
		2DA3B7DC28FF26F000E23AD5 /* Models.swift */ = {isa = PBXFileReference; lastKnownFileType = sourcecode.swift; path = Models.swift; sourceTree = "<group>"; };
		2DA3B7E028FF28B000E23AD5 /* MainTableViewCell.swift */ = {isa = PBXFileReference; lastKnownFileType = sourcecode.swift; path = MainTableViewCell.swift; sourceTree = "<group>"; };
		2DA3B7E228FF292F00E23AD5 /* MainTableViewCellViewModel.swift */ = {isa = PBXFileReference; lastKnownFileType = sourcecode.swift; path = MainTableViewCellViewModel.swift; sourceTree = "<group>"; };
		2DA3B7E528FF2ED500E23AD5 /* MainView.swift */ = {isa = PBXFileReference; lastKnownFileType = sourcecode.swift; path = MainView.swift; sourceTree = "<group>"; };
		2DA3B7E728FF2EE400E23AD5 /* MainViewModel.swift */ = {isa = PBXFileReference; lastKnownFileType = sourcecode.swift; path = MainViewModel.swift; sourceTree = "<group>"; };
		2DFC4EAF29019AEE00B62424 /* NetworkMonitor.swift */ = {isa = PBXFileReference; lastKnownFileType = sourcecode.swift; path = NetworkMonitor.swift; sourceTree = "<group>"; };
		2DFC4EB22901A56200B62424 /* HTTPStatus.swift */ = {isa = PBXFileReference; lastKnownFileType = sourcecode.swift; path = HTTPStatus.swift; sourceTree = "<group>"; };
		2DFC4EF62902E60700B62424 /* MainViewController.swift */ = {isa = PBXFileReference; lastKnownFileType = sourcecode.swift; path = MainViewController.swift; sourceTree = "<group>"; };
/* End PBXFileReference section */

/* Begin PBXFrameworksBuildPhase section */
		2D2FCA3228FF232A008B4923 /* Frameworks */ = {
			isa = PBXFrameworksBuildPhase;
			buildActionMask = 2147483647;
			files = (
			);
			runOnlyForDeploymentPostprocessing = 0;
		};
		2D2FCA4828FF232B008B4923 /* Frameworks */ = {
			isa = PBXFrameworksBuildPhase;
			buildActionMask = 2147483647;
			files = (
			);
			runOnlyForDeploymentPostprocessing = 0;
		};
		2D2FCA5228FF232B008B4923 /* Frameworks */ = {
			isa = PBXFrameworksBuildPhase;
			buildActionMask = 2147483647;
			files = (
			);
			runOnlyForDeploymentPostprocessing = 0;
		};
/* End PBXFrameworksBuildPhase section */

/* Begin PBXGroup section */
		2D2FCA2C28FF232A008B4923 = {
			isa = PBXGroup;
			children = (
				2D2FCA3728FF232A008B4923 /* TestTask */,
				2D2FCA4E28FF232B008B4923 /* TestTaskTests */,
				2D2FCA5828FF232B008B4923 /* TestTaskUITests */,
				2D2FCA3628FF232A008B4923 /* Products */,
			);
			sourceTree = "<group>";
		};
		2D2FCA3628FF232A008B4923 /* Products */ = {
			isa = PBXGroup;
			children = (
				2D2FCA3528FF232A008B4923 /* TestTask.app */,
				2D2FCA4B28FF232B008B4923 /* TestTaskTests.xctest */,
				2D2FCA5528FF232B008B4923 /* TestTaskUITests.xctest */,
			);
			name = Products;
			sourceTree = "<group>";
		};
		2D2FCA3728FF232A008B4923 /* TestTask */ = {
			isa = PBXGroup;
			children = (
				2D2FCA4628FF232B008B4923 /* Info.plist */,
				2D2FCA6928FF2382008B4923 /* App */,
				2D2FCA6A28FF239D008B4923 /* UIModules */,
				2D2FCA6828FF236E008B4923 /* Network */,
				2D2FCA6B28FF23A9008B4923 /* Resources */,
			);
			path = TestTask;
			sourceTree = "<group>";
		};
		2D2FCA4E28FF232B008B4923 /* TestTaskTests */ = {
			isa = PBXGroup;
			children = (
				2D2FCA4F28FF232B008B4923 /* TestTaskTests.swift */,
			);
			path = TestTaskTests;
			sourceTree = "<group>";
		};
		2D2FCA5828FF232B008B4923 /* TestTaskUITests */ = {
			isa = PBXGroup;
			children = (
				2D2FCA5928FF232B008B4923 /* TestTaskUITests.swift */,
				2D2FCA5B28FF232B008B4923 /* TestTaskUITestsLaunchTests.swift */,
			);
			path = TestTaskUITests;
			sourceTree = "<group>";
		};
		2D2FCA6828FF236E008B4923 /* Network */ = {
			isa = PBXGroup;
			children = (
				2DA3B7D928FF268D00E23AD5 /* Models */,
				2DA3B7D828FF268100E23AD5 /* Service */,
			);
			path = Network;
			sourceTree = "<group>";
		};
		2D2FCA6928FF2382008B4923 /* App */ = {
			isa = PBXGroup;
			children = (
				2D2FCA3828FF232A008B4923 /* AppDelegate.swift */,
				2D2FCA3A28FF232A008B4923 /* SceneDelegate.swift */,
			);
			path = App;
			sourceTree = "<group>";
		};
		2D2FCA6A28FF239D008B4923 /* UIModules */ = {
			isa = PBXGroup;
			children = (
				2DA3B7DE28FF288E00E23AD5 /* Main */,
			);
			path = UIModules;
			sourceTree = "<group>";
		};
		2D2FCA6B28FF23A9008B4923 /* Resources */ = {
			isa = PBXGroup;
			children = (
				2D2FCA4128FF232B008B4923 /* Assets.xcassets */,
				2D2FCA4328FF232B008B4923 /* LaunchScreen.storyboard */,
			);
			path = Resources;
			sourceTree = "<group>";
		};
		2DA3B7D828FF268100E23AD5 /* Service */ = {
			isa = PBXGroup;
			children = (
				2DFC4EB12901A53C00B62424 /* Constants */,
				2D2FCA6C28FF25D0008B4923 /* NetworkClient.swift */,
				2D2FCA6E28FF25E7008B4923 /* NetworkProtocol.swift */,
				2DFC4EAF29019AEE00B62424 /* NetworkMonitor.swift */,
			);
			path = Service;
			sourceTree = "<group>";
		};
		2DA3B7D928FF268D00E23AD5 /* Models */ = {
			isa = PBXGroup;
			children = (
				2DA3B7DC28FF26F000E23AD5 /* Models.swift */,
			);
			path = Models;
			sourceTree = "<group>";
		};
		2DA3B7DE28FF288E00E23AD5 /* Main */ = {
			isa = PBXGroup;
			children = (
				2DA3B7DF28FF289500E23AD5 /* Cell */,
				2DFC4EF62902E60700B62424 /* MainViewController.swift */,
				2DA3B7E528FF2ED500E23AD5 /* MainView.swift */,
				2DA3B7E728FF2EE400E23AD5 /* MainViewModel.swift */,
			);
			path = Main;
			sourceTree = "<group>";
		};
		2DA3B7DF28FF289500E23AD5 /* Cell */ = {
			isa = PBXGroup;
			children = (
				2DA3B7E028FF28B000E23AD5 /* MainTableViewCell.swift */,
				2DA3B7E228FF292F00E23AD5 /* MainTableViewCellViewModel.swift */,
			);
			path = Cell;
			sourceTree = "<group>";
		};
		2DFC4EB12901A53C00B62424 /* Constants */ = {
			isa = PBXGroup;
			children = (
				2DA3B7DA28FF26A200E23AD5 /* Constants.swift */,
				2DFC4EB22901A56200B62424 /* HTTPStatus.swift */,
			);
			path = Constants;
			sourceTree = "<group>";
		};
/* End PBXGroup section */

/* Begin PBXNativeTarget section */
		2D2FCA3428FF232A008B4923 /* TestTask */ = {
			isa = PBXNativeTarget;
			buildConfigurationList = 2D2FCA5F28FF232B008B4923 /* Build configuration list for PBXNativeTarget "TestTask" */;
			buildPhases = (
				2D2FCA3128FF232A008B4923 /* Sources */,
				2D2FCA3228FF232A008B4923 /* Frameworks */,
				2D2FCA3328FF232A008B4923 /* Resources */,
			);
			buildRules = (
			);
			dependencies = (
			);
			name = TestTask;
			productName = TestTask;
			productReference = 2D2FCA3528FF232A008B4923 /* TestTask.app */;
			productType = "com.apple.product-type.application";
		};
		2D2FCA4A28FF232B008B4923 /* TestTaskTests */ = {
			isa = PBXNativeTarget;
			buildConfigurationList = 2D2FCA6228FF232B008B4923 /* Build configuration list for PBXNativeTarget "TestTaskTests" */;
			buildPhases = (
				2D2FCA4728FF232B008B4923 /* Sources */,
				2D2FCA4828FF232B008B4923 /* Frameworks */,
				2D2FCA4928FF232B008B4923 /* Resources */,
			);
			buildRules = (
			);
			dependencies = (
				2D2FCA4D28FF232B008B4923 /* PBXTargetDependency */,
			);
			name = TestTaskTests;
			productName = TestTaskTests;
			productReference = 2D2FCA4B28FF232B008B4923 /* TestTaskTests.xctest */;
			productType = "com.apple.product-type.bundle.unit-test";
		};
		2D2FCA5428FF232B008B4923 /* TestTaskUITests */ = {
			isa = PBXNativeTarget;
			buildConfigurationList = 2D2FCA6528FF232B008B4923 /* Build configuration list for PBXNativeTarget "TestTaskUITests" */;
			buildPhases = (
				2D2FCA5128FF232B008B4923 /* Sources */,
				2D2FCA5228FF232B008B4923 /* Frameworks */,
				2D2FCA5328FF232B008B4923 /* Resources */,
			);
			buildRules = (
			);
			dependencies = (
				2D2FCA5728FF232B008B4923 /* PBXTargetDependency */,
			);
			name = TestTaskUITests;
			productName = TestTaskUITests;
			productReference = 2D2FCA5528FF232B008B4923 /* TestTaskUITests.xctest */;
			productType = "com.apple.product-type.bundle.ui-testing";
		};
/* End PBXNativeTarget section */

/* Begin PBXProject section */
		2D2FCA2D28FF232A008B4923 /* Project object */ = {
			isa = PBXProject;
			attributes = {
				BuildIndependentTargetsInParallel = 1;
				LastSwiftUpdateCheck = 1400;
				LastUpgradeCheck = 1400;
				TargetAttributes = {
					2D2FCA3428FF232A008B4923 = {
						CreatedOnToolsVersion = 14.0.1;
					};
					2D2FCA4A28FF232B008B4923 = {
						CreatedOnToolsVersion = 14.0.1;
						TestTargetID = 2D2FCA3428FF232A008B4923;
					};
					2D2FCA5428FF232B008B4923 = {
						CreatedOnToolsVersion = 14.0.1;
						TestTargetID = 2D2FCA3428FF232A008B4923;
					};
				};
			};
			buildConfigurationList = 2D2FCA3028FF232A008B4923 /* Build configuration list for PBXProject "TestTask" */;
			compatibilityVersion = "Xcode 14.0";
			developmentRegion = en;
			hasScannedForEncodings = 0;
			knownRegions = (
				en,
				Base,
			);
			mainGroup = 2D2FCA2C28FF232A008B4923;
			productRefGroup = 2D2FCA3628FF232A008B4923 /* Products */;
			projectDirPath = "";
			projectRoot = "";
			targets = (
				2D2FCA3428FF232A008B4923 /* TestTask */,
				2D2FCA4A28FF232B008B4923 /* TestTaskTests */,
				2D2FCA5428FF232B008B4923 /* TestTaskUITests */,
			);
		};
/* End PBXProject section */

/* Begin PBXResourcesBuildPhase section */
		2D2FCA3328FF232A008B4923 /* Resources */ = {
			isa = PBXResourcesBuildPhase;
			buildActionMask = 2147483647;
			files = (
				2D2FCA4528FF232B008B4923 /* LaunchScreen.storyboard in Resources */,
				2D2FCA4228FF232B008B4923 /* Assets.xcassets in Resources */,
			);
			runOnlyForDeploymentPostprocessing = 0;
		};
		2D2FCA4928FF232B008B4923 /* Resources */ = {
			isa = PBXResourcesBuildPhase;
			buildActionMask = 2147483647;
			files = (
			);
			runOnlyForDeploymentPostprocessing = 0;
		};
		2D2FCA5328FF232B008B4923 /* Resources */ = {
			isa = PBXResourcesBuildPhase;
			buildActionMask = 2147483647;
			files = (
			);
			runOnlyForDeploymentPostprocessing = 0;
		};
/* End PBXResourcesBuildPhase section */

/* Begin PBXSourcesBuildPhase section */
		2D2FCA3128FF232A008B4923 /* Sources */ = {
			isa = PBXSourcesBuildPhase;
			buildActionMask = 2147483647;
			files = (
				2DFC4EB029019AEE00B62424 /* NetworkMonitor.swift in Sources */,
				2D2FCA3928FF232A008B4923 /* AppDelegate.swift in Sources */,
				2DA3B7E328FF292F00E23AD5 /* MainTableViewCellViewModel.swift in Sources */,
				2DA3B7E628FF2ED500E23AD5 /* MainView.swift in Sources */,
				2DA3B7E128FF28B000E23AD5 /* MainTableViewCell.swift in Sources */,
				2D2FCA6F28FF25E7008B4923 /* NetworkProtocol.swift in Sources */,
				2D2FCA3B28FF232A008B4923 /* SceneDelegate.swift in Sources */,
				2DFC4EB32901A56200B62424 /* HTTPStatus.swift in Sources */,
				2D2FCA6D28FF25D0008B4923 /* NetworkClient.swift in Sources */,
				2DA3B7DB28FF26A200E23AD5 /* Constants.swift in Sources */,
				2DA3B7DD28FF26F000E23AD5 /* Models.swift in Sources */,
				2DA3B7E828FF2EE400E23AD5 /* MainViewModel.swift in Sources */,
				2DFC4EF72902E60700B62424 /* MainViewController.swift in Sources */,
			);
			runOnlyForDeploymentPostprocessing = 0;
		};
		2D2FCA4728FF232B008B4923 /* Sources */ = {
			isa = PBXSourcesBuildPhase;
			buildActionMask = 2147483647;
			files = (
				2D2FCA5028FF232B008B4923 /* TestTaskTests.swift in Sources */,
			);
			runOnlyForDeploymentPostprocessing = 0;
		};
		2D2FCA5128FF232B008B4923 /* Sources */ = {
			isa = PBXSourcesBuildPhase;
			buildActionMask = 2147483647;
			files = (
				2D2FCA5C28FF232B008B4923 /* TestTaskUITestsLaunchTests.swift in Sources */,
				2D2FCA5A28FF232B008B4923 /* TestTaskUITests.swift in Sources */,
			);
			runOnlyForDeploymentPostprocessing = 0;
		};
/* End PBXSourcesBuildPhase section */

/* Begin PBXTargetDependency section */
		2D2FCA4D28FF232B008B4923 /* PBXTargetDependency */ = {
			isa = PBXTargetDependency;
			target = 2D2FCA3428FF232A008B4923 /* TestTask */;
			targetProxy = 2D2FCA4C28FF232B008B4923 /* PBXContainerItemProxy */;
		};
		2D2FCA5728FF232B008B4923 /* PBXTargetDependency */ = {
			isa = PBXTargetDependency;
			target = 2D2FCA3428FF232A008B4923 /* TestTask */;
			targetProxy = 2D2FCA5628FF232B008B4923 /* PBXContainerItemProxy */;
		};
/* End PBXTargetDependency section */

/* Begin PBXVariantGroup section */
		2D2FCA4328FF232B008B4923 /* LaunchScreen.storyboard */ = {
			isa = PBXVariantGroup;
			children = (
				2D2FCA4428FF232B008B4923 /* Base */,
			);
			name = LaunchScreen.storyboard;
			sourceTree = "<group>";
		};
/* End PBXVariantGroup section */

/* Begin XCBuildConfiguration section */
		2D2FCA5D28FF232B008B4923 /* Debug */ = {
			isa = XCBuildConfiguration;
			buildSettings = {
				ALWAYS_SEARCH_USER_PATHS = NO;
				CLANG_ANALYZER_NONNULL = YES;
				CLANG_ANALYZER_NUMBER_OBJECT_CONVERSION = YES_AGGRESSIVE;
				CLANG_CXX_LANGUAGE_STANDARD = "gnu++20";
				CLANG_ENABLE_MODULES = YES;
				CLANG_ENABLE_OBJC_ARC = YES;
				CLANG_ENABLE_OBJC_WEAK = YES;
				CLANG_WARN_BLOCK_CAPTURE_AUTORELEASING = YES;
				CLANG_WARN_BOOL_CONVERSION = YES;
				CLANG_WARN_COMMA = YES;
				CLANG_WARN_CONSTANT_CONVERSION = YES;
				CLANG_WARN_DEPRECATED_OBJC_IMPLEMENTATIONS = YES;
				CLANG_WARN_DIRECT_OBJC_ISA_USAGE = YES_ERROR;
				CLANG_WARN_DOCUMENTATION_COMMENTS = YES;
				CLANG_WARN_EMPTY_BODY = YES;
				CLANG_WARN_ENUM_CONVERSION = YES;
				CLANG_WARN_INFINITE_RECURSION = YES;
				CLANG_WARN_INT_CONVERSION = YES;
				CLANG_WARN_NON_LITERAL_NULL_CONVERSION = YES;
				CLANG_WARN_OBJC_IMPLICIT_RETAIN_SELF = YES;
				CLANG_WARN_OBJC_LITERAL_CONVERSION = YES;
				CLANG_WARN_OBJC_ROOT_CLASS = YES_ERROR;
				CLANG_WARN_QUOTED_INCLUDE_IN_FRAMEWORK_HEADER = YES;
				CLANG_WARN_RANGE_LOOP_ANALYSIS = YES;
				CLANG_WARN_STRICT_PROTOTYPES = YES;
				CLANG_WARN_SUSPICIOUS_MOVE = YES;
				CLANG_WARN_UNGUARDED_AVAILABILITY = YES_AGGRESSIVE;
				CLANG_WARN_UNREACHABLE_CODE = YES;
				CLANG_WARN__DUPLICATE_METHOD_MATCH = YES;
				COPY_PHASE_STRIP = NO;
				DEBUG_INFORMATION_FORMAT = dwarf;
				ENABLE_STRICT_OBJC_MSGSEND = YES;
				ENABLE_TESTABILITY = YES;
				GCC_C_LANGUAGE_STANDARD = gnu11;
				GCC_DYNAMIC_NO_PIC = NO;
				GCC_NO_COMMON_BLOCKS = YES;
				GCC_OPTIMIZATION_LEVEL = 0;
				GCC_PREPROCESSOR_DEFINITIONS = (
					"DEBUG=1",
					"$(inherited)",
				);
				GCC_WARN_64_TO_32_BIT_CONVERSION = YES;
				GCC_WARN_ABOUT_RETURN_TYPE = YES_ERROR;
				GCC_WARN_UNDECLARED_SELECTOR = YES;
				GCC_WARN_UNINITIALIZED_AUTOS = YES_AGGRESSIVE;
				GCC_WARN_UNUSED_FUNCTION = YES;
				GCC_WARN_UNUSED_VARIABLE = YES;
				IPHONEOS_DEPLOYMENT_TARGET = 16.0;
				MTL_ENABLE_DEBUG_INFO = INCLUDE_SOURCE;
				MTL_FAST_MATH = YES;
				ONLY_ACTIVE_ARCH = YES;
				SDKROOT = iphoneos;
				SWIFT_ACTIVE_COMPILATION_CONDITIONS = DEBUG;
				SWIFT_OPTIMIZATION_LEVEL = "-Onone";
			};
			name = Debug;
		};
		2D2FCA5E28FF232B008B4923 /* Release */ = {
			isa = XCBuildConfiguration;
			buildSettings = {
				ALWAYS_SEARCH_USER_PATHS = NO;
				CLANG_ANALYZER_NONNULL = YES;
				CLANG_ANALYZER_NUMBER_OBJECT_CONVERSION = YES_AGGRESSIVE;
				CLANG_CXX_LANGUAGE_STANDARD = "gnu++20";
				CLANG_ENABLE_MODULES = YES;
				CLANG_ENABLE_OBJC_ARC = YES;
				CLANG_ENABLE_OBJC_WEAK = YES;
				CLANG_WARN_BLOCK_CAPTURE_AUTORELEASING = YES;
				CLANG_WARN_BOOL_CONVERSION = YES;
				CLANG_WARN_COMMA = YES;
				CLANG_WARN_CONSTANT_CONVERSION = YES;
				CLANG_WARN_DEPRECATED_OBJC_IMPLEMENTATIONS = YES;
				CLANG_WARN_DIRECT_OBJC_ISA_USAGE = YES_ERROR;
				CLANG_WARN_DOCUMENTATION_COMMENTS = YES;
				CLANG_WARN_EMPTY_BODY = YES;
				CLANG_WARN_ENUM_CONVERSION = YES;
				CLANG_WARN_INFINITE_RECURSION = YES;
				CLANG_WARN_INT_CONVERSION = YES;
				CLANG_WARN_NON_LITERAL_NULL_CONVERSION = YES;
				CLANG_WARN_OBJC_IMPLICIT_RETAIN_SELF = YES;
				CLANG_WARN_OBJC_LITERAL_CONVERSION = YES;
				CLANG_WARN_OBJC_ROOT_CLASS = YES_ERROR;
				CLANG_WARN_QUOTED_INCLUDE_IN_FRAMEWORK_HEADER = YES;
				CLANG_WARN_RANGE_LOOP_ANALYSIS = YES;
				CLANG_WARN_STRICT_PROTOTYPES = YES;
				CLANG_WARN_SUSPICIOUS_MOVE = YES;
				CLANG_WARN_UNGUARDED_AVAILABILITY = YES_AGGRESSIVE;
				CLANG_WARN_UNREACHABLE_CODE = YES;
				CLANG_WARN__DUPLICATE_METHOD_MATCH = YES;
				COPY_PHASE_STRIP = NO;
				DEBUG_INFORMATION_FORMAT = "dwarf-with-dsym";
				ENABLE_NS_ASSERTIONS = NO;
				ENABLE_STRICT_OBJC_MSGSEND = YES;
				GCC_C_LANGUAGE_STANDARD = gnu11;
				GCC_NO_COMMON_BLOCKS = YES;
				GCC_WARN_64_TO_32_BIT_CONVERSION = YES;
				GCC_WARN_ABOUT_RETURN_TYPE = YES_ERROR;
				GCC_WARN_UNDECLARED_SELECTOR = YES;
				GCC_WARN_UNINITIALIZED_AUTOS = YES_AGGRESSIVE;
				GCC_WARN_UNUSED_FUNCTION = YES;
				GCC_WARN_UNUSED_VARIABLE = YES;
				IPHONEOS_DEPLOYMENT_TARGET = 16.0;
				MTL_ENABLE_DEBUG_INFO = NO;
				MTL_FAST_MATH = YES;
				SDKROOT = iphoneos;
				SWIFT_COMPILATION_MODE = wholemodule;
				SWIFT_OPTIMIZATION_LEVEL = "-O";
				VALIDATE_PRODUCT = YES;
			};
			name = Release;
		};
		2D2FCA6028FF232B008B4923 /* Debug */ = {
			isa = XCBuildConfiguration;
			buildSettings = {
				ASSETCATALOG_COMPILER_APPICON_NAME = AppIcon;
				ASSETCATALOG_COMPILER_GLOBAL_ACCENT_COLOR_NAME = AccentColor;
				CODE_SIGN_STYLE = Automatic;
				CURRENT_PROJECT_VERSION = 1;
				DEVELOPMENT_TEAM = 4ZH5A3XTM9;
				GENERATE_INFOPLIST_FILE = YES;
				INFOPLIST_FILE = TestTask/Info.plist;
				INFOPLIST_KEY_UIApplicationSupportsIndirectInputEvents = YES;
				INFOPLIST_KEY_UILaunchStoryboardName = LaunchScreen;
				INFOPLIST_KEY_UISupportedInterfaceOrientations_iPad = "UIInterfaceOrientationPortrait UIInterfaceOrientationPortraitUpsideDown UIInterfaceOrientationLandscapeLeft UIInterfaceOrientationLandscapeRight";
				INFOPLIST_KEY_UISupportedInterfaceOrientations_iPhone = "UIInterfaceOrientationPortrait UIInterfaceOrientationLandscapeLeft UIInterfaceOrientationLandscapeRight";
				IPHONEOS_DEPLOYMENT_TARGET = 13.0;
				LD_RUNPATH_SEARCH_PATHS = (
					"$(inherited)",
					"@executable_path/Frameworks",
				);
				MARKETING_VERSION = 1.0;
				PRODUCT_BUNDLE_IDENTIFIER = WeDev.TestTask;
				PRODUCT_NAME = "$(TARGET_NAME)";
				SWIFT_EMIT_LOC_STRINGS = YES;
				SWIFT_VERSION = 5.0;
				TARGETED_DEVICE_FAMILY = "1,2";
			};
			name = Debug;
		};
		2D2FCA6128FF232B008B4923 /* Release */ = {
			isa = XCBuildConfiguration;
			buildSettings = {
				ASSETCATALOG_COMPILER_APPICON_NAME = AppIcon;
				ASSETCATALOG_COMPILER_GLOBAL_ACCENT_COLOR_NAME = AccentColor;
				CODE_SIGN_STYLE = Automatic;
				CURRENT_PROJECT_VERSION = 1;
				DEVELOPMENT_TEAM = 4ZH5A3XTM9;
				GENERATE_INFOPLIST_FILE = YES;
				INFOPLIST_FILE = TestTask/Info.plist;
				INFOPLIST_KEY_UIApplicationSupportsIndirectInputEvents = YES;
				INFOPLIST_KEY_UILaunchStoryboardName = LaunchScreen;
				INFOPLIST_KEY_UISupportedInterfaceOrientations_iPad = "UIInterfaceOrientationPortrait UIInterfaceOrientationPortraitUpsideDown UIInterfaceOrientationLandscapeLeft UIInterfaceOrientationLandscapeRight";
				INFOPLIST_KEY_UISupportedInterfaceOrientations_iPhone = "UIInterfaceOrientationPortrait UIInterfaceOrientationLandscapeLeft UIInterfaceOrientationLandscapeRight";
				IPHONEOS_DEPLOYMENT_TARGET = 13.0;
				LD_RUNPATH_SEARCH_PATHS = (
					"$(inherited)",
					"@executable_path/Frameworks",
				);
				MARKETING_VERSION = 1.0;
				PRODUCT_BUNDLE_IDENTIFIER = WeDev.TestTask;
				PRODUCT_NAME = "$(TARGET_NAME)";
				SWIFT_EMIT_LOC_STRINGS = YES;
				SWIFT_VERSION = 5.0;
				TARGETED_DEVICE_FAMILY = "1,2";
			};
			name = Release;
		};
		2D2FCA6328FF232B008B4923 /* Debug */ = {
			isa = XCBuildConfiguration;
			buildSettings = {
				ALWAYS_EMBED_SWIFT_STANDARD_LIBRARIES = YES;
				BUNDLE_LOADER = "$(TEST_HOST)";
				CODE_SIGN_STYLE = Automatic;
				CURRENT_PROJECT_VERSION = 1;
				DEVELOPMENT_TEAM = 4ZH5A3XTM9;
				GENERATE_INFOPLIST_FILE = YES;
				IPHONEOS_DEPLOYMENT_TARGET = 16.0;
				MARKETING_VERSION = 1.0;
				PRODUCT_BUNDLE_IDENTIFIER = WeDev.TestTaskTests;
				PRODUCT_NAME = "$(TARGET_NAME)";
				SWIFT_EMIT_LOC_STRINGS = NO;
				SWIFT_VERSION = 5.0;
				TARGETED_DEVICE_FAMILY = "1,2";
				TEST_HOST = "$(BUILT_PRODUCTS_DIR)/TestTask.app/$(BUNDLE_EXECUTABLE_FOLDER_PATH)/TestTask";
			};
			name = Debug;
		};
		2D2FCA6428FF232B008B4923 /* Release */ = {
			isa = XCBuildConfiguration;
			buildSettings = {
				ALWAYS_EMBED_SWIFT_STANDARD_LIBRARIES = YES;
				BUNDLE_LOADER = "$(TEST_HOST)";
				CODE_SIGN_STYLE = Automatic;
				CURRENT_PROJECT_VERSION = 1;
				DEVELOPMENT_TEAM = 4ZH5A3XTM9;
				GENERATE_INFOPLIST_FILE = YES;
				IPHONEOS_DEPLOYMENT_TARGET = 16.0;
				MARKETING_VERSION = 1.0;
				PRODUCT_BUNDLE_IDENTIFIER = WeDev.TestTaskTests;
				PRODUCT_NAME = "$(TARGET_NAME)";
				SWIFT_EMIT_LOC_STRINGS = NO;
				SWIFT_VERSION = 5.0;
				TARGETED_DEVICE_FAMILY = "1,2";
				TEST_HOST = "$(BUILT_PRODUCTS_DIR)/TestTask.app/$(BUNDLE_EXECUTABLE_FOLDER_PATH)/TestTask";
			};
			name = Release;
		};
		2D2FCA6628FF232B008B4923 /* Debug */ = {
			isa = XCBuildConfiguration;
			buildSettings = {
				ALWAYS_EMBED_SWIFT_STANDARD_LIBRARIES = YES;
				CODE_SIGN_STYLE = Automatic;
				CURRENT_PROJECT_VERSION = 1;
				DEVELOPMENT_TEAM = 4ZH5A3XTM9;
				GENERATE_INFOPLIST_FILE = YES;
				MARKETING_VERSION = 1.0;
				PRODUCT_BUNDLE_IDENTIFIER = WeDev.TestTaskUITests;
				PRODUCT_NAME = "$(TARGET_NAME)";
				SWIFT_EMIT_LOC_STRINGS = NO;
				SWIFT_VERSION = 5.0;
				TARGETED_DEVICE_FAMILY = "1,2";
				TEST_TARGET_NAME = TestTask;
			};
			name = Debug;
		};
		2D2FCA6728FF232B008B4923 /* Release */ = {
			isa = XCBuildConfiguration;
			buildSettings = {
				ALWAYS_EMBED_SWIFT_STANDARD_LIBRARIES = YES;
				CODE_SIGN_STYLE = Automatic;
				CURRENT_PROJECT_VERSION = 1;
				DEVELOPMENT_TEAM = 4ZH5A3XTM9;
				GENERATE_INFOPLIST_FILE = YES;
				MARKETING_VERSION = 1.0;
				PRODUCT_BUNDLE_IDENTIFIER = WeDev.TestTaskUITests;
				PRODUCT_NAME = "$(TARGET_NAME)";
				SWIFT_EMIT_LOC_STRINGS = NO;
				SWIFT_VERSION = 5.0;
				TARGETED_DEVICE_FAMILY = "1,2";
				TEST_TARGET_NAME = TestTask;
			};
			name = Release;
		};
/* End XCBuildConfiguration section */

/* Begin XCConfigurationList section */
		2D2FCA3028FF232A008B4923 /* Build configuration list for PBXProject "TestTask" */ = {
			isa = XCConfigurationList;
			buildConfigurations = (
				2D2FCA5D28FF232B008B4923 /* Debug */,
				2D2FCA5E28FF232B008B4923 /* Release */,
			);
			defaultConfigurationIsVisible = 0;
			defaultConfigurationName = Release;
		};
		2D2FCA5F28FF232B008B4923 /* Build configuration list for PBXNativeTarget "TestTask" */ = {
			isa = XCConfigurationList;
			buildConfigurations = (
				2D2FCA6028FF232B008B4923 /* Debug */,
				2D2FCA6128FF232B008B4923 /* Release */,
			);
			defaultConfigurationIsVisible = 0;
			defaultConfigurationName = Release;
		};
		2D2FCA6228FF232B008B4923 /* Build configuration list for PBXNativeTarget "TestTaskTests" */ = {
			isa = XCConfigurationList;
			buildConfigurations = (
				2D2FCA6328FF232B008B4923 /* Debug */,
				2D2FCA6428FF232B008B4923 /* Release */,
			);
			defaultConfigurationIsVisible = 0;
			defaultConfigurationName = Release;
		};
		2D2FCA6528FF232B008B4923 /* Build configuration list for PBXNativeTarget "TestTaskUITests" */ = {
			isa = XCConfigurationList;
			buildConfigurations = (
				2D2FCA6628FF232B008B4923 /* Debug */,
				2D2FCA6728FF232B008B4923 /* Release */,
			);
			defaultConfigurationIsVisible = 0;
			defaultConfigurationName = Release;
		};
/* End XCConfigurationList section */
	};
	rootObject = 2D2FCA2D28FF232A008B4923 /* Project object */;
}
